// !$*UTF8*$!
{
	archiveVersion = 1;
	classes = {
	};
	objectVersion = 46;
	objects = {

/* Begin PBXBuildFile section */
		4CBF74A41AAD8913005ED6AC /* main.m in Sources */ = {isa = PBXBuildFile; fileRef = 4CBF74A31AAD8913005ED6AC /* main.m */; };
		4CBF74A71AAD8913005ED6AC /* AppDelegate.m in Sources */ = {isa = PBXBuildFile; fileRef = 4CBF74A61AAD8913005ED6AC /* AppDelegate.m */; };
		4CBF74AA1AAD8913005ED6AC /* ViewController.m in Sources */ = {isa = PBXBuildFile; fileRef = 4CBF74A91AAD8913005ED6AC /* ViewController.m */; };
		4CBF74AD1AAD8913005ED6AC /* Main.storyboard in Resources */ = {isa = PBXBuildFile; fileRef = 4CBF74AB1AAD8913005ED6AC /* Main.storyboard */; };
		4CBF74AF1AAD8913005ED6AC /* Images.xcassets in Resources */ = {isa = PBXBuildFile; fileRef = 4CBF74AE1AAD8913005ED6AC /* Images.xcassets */; };
		4CBF74C81AAD89AB005ED6AC /* MapKit.framework in Frameworks */ = {isa = PBXBuildFile; fileRef = 4CBF74C71AAD89AB005ED6AC /* MapKit.framework */; };
		9E54CFF81DA19F1E00B85127 /* Launch Screen.storyboard in Resources */ = {isa = PBXBuildFile; fileRef = 9E54CFF71DA19F1E00B85127 /* Launch Screen.storyboard */; };
		9E54CFFA1DA1A05900B85127 /* Map.png in Resources */ = {isa = PBXBuildFile; fileRef = 9E54CFF91DA1A05900B85127 /* Map.png */; };
/* End PBXBuildFile section */

/* Begin PBXContainerItemProxy section */
		4CBF74B81AAD8913005ED6AC /* PBXContainerItemProxy */ = {
			isa = PBXContainerItemProxy;
			containerPortal = 4CBF74961AAD8913005ED6AC /* Project object */;
			proxyType = 1;
			remoteGlobalIDString = 4CBF749D1AAD8913005ED6AC;
			remoteInfo = MapKitDemo;
		};
/* End PBXContainerItemProxy section */

/* Begin PBXFileReference section */
		4CBF749E1AAD8913005ED6AC /* MapKitDemo.app */ = {isa = PBXFileReference; explicitFileType = wrapper.application; includeInIndex = 0; path = MapKitDemo.app; sourceTree = BUILT_PRODUCTS_DIR; };
		4CBF74A21AAD8913005ED6AC /* Info.plist */ = {isa = PBXFileReference; lastKnownFileType = text.plist.xml; path = Info.plist; sourceTree = "<group>"; };
		4CBF74A31AAD8913005ED6AC /* main.m */ = {isa = PBXFileReference; lastKnownFileType = sourcecode.c.objc; path = main.m; sourceTree = "<group>"; };
		4CBF74A51AAD8913005ED6AC /* AppDelegate.h */ = {isa = PBXFileReference; lastKnownFileType = sourcecode.c.h; path = AppDelegate.h; sourceTree = "<group>"; };
		4CBF74A61AAD8913005ED6AC /* AppDelegate.m */ = {isa = PBXFileReference; lastKnownFileType = sourcecode.c.objc; path = AppDelegate.m; sourceTree = "<group>"; };
		4CBF74A81AAD8913005ED6AC /* ViewController.h */ = {isa = PBXFileReference; lastKnownFileType = sourcecode.c.h; path = ViewController.h; sourceTree = "<group>"; };
		4CBF74A91AAD8913005ED6AC /* ViewController.m */ = {isa = PBXFileReference; lastKnownFileType = sourcecode.c.objc; path = ViewController.m; sourceTree = "<group>"; wrapsLines = 0; };
		4CBF74AC1AAD8913005ED6AC /* Base */ = {isa = PBXFileReference; lastKnownFileType = file.storyboard; name = Base; path = Base.lproj/Main.storyboard; sourceTree = "<group>"; };
		4CBF74AE1AAD8913005ED6AC /* Images.xcassets */ = {isa = PBXFileReference; lastKnownFileType = folder.assetcatalog; path = Images.xcassets; sourceTree = "<group>"; };
		4CBF74B71AAD8913005ED6AC /* MapKitDemoTests.xctest */ = {isa = PBXFileReference; explicitFileType = wrapper.cfbundle; includeInIndex = 0; path = MapKitDemoTests.xctest; sourceTree = BUILT_PRODUCTS_DIR; };
		4CBF74C71AAD89AB005ED6AC /* MapKit.framework */ = {isa = PBXFileReference; lastKnownFileType = wrapper.framework; name = MapKit.framework; path = System/Library/Frameworks/MapKit.framework; sourceTree = SDKROOT; };
		9E54CFF71DA19F1E00B85127 /* Launch Screen.storyboard */ = {isa = PBXFileReference; fileEncoding = 4; lastKnownFileType = file.storyboard; path = "Launch Screen.storyboard"; sourceTree = "<group>"; };
		9E54CFF91DA1A05900B85127 /* Map.png */ = {isa = PBXFileReference; lastKnownFileType = image.png; path = Map.png; sourceTree = "<group>"; };
/* End PBXFileReference section */

/* Begin PBXFrameworksBuildPhase section */
		4CBF749B1AAD8913005ED6AC /* Frameworks */ = {
			isa = PBXFrameworksBuildPhase;
			buildActionMask = 2147483647;
			files = (
				4CBF74C81AAD89AB005ED6AC /* MapKit.framework in Frameworks */,
			);
			runOnlyForDeploymentPostprocessing = 0;
		};
		4CBF74B41AAD8913005ED6AC /* Frameworks */ = {
			isa = PBXFrameworksBuildPhase;
			buildActionMask = 2147483647;
			files = (
			);
			runOnlyForDeploymentPostprocessing = 0;
		};
/* End PBXFrameworksBuildPhase section */

/* Begin PBXGroup section */
		4CBF74951AAD8913005ED6AC = {
			isa = PBXGroup;
			children = (
				4CBF74C71AAD89AB005ED6AC /* MapKit.framework */,
				4CBF74A01AAD8913005ED6AC /* MapKitDemo */,
				4CBF749F1AAD8913005ED6AC /* Products */,
			);
			sourceTree = "<group>";
		};
		4CBF749F1AAD8913005ED6AC /* Products */ = {
			isa = PBXGroup;
			children = (
				4CBF749E1AAD8913005ED6AC /* MapKitDemo.app */,
				4CBF74B71AAD8913005ED6AC /* MapKitDemoTests.xctest */,
			);
			name = Products;
			sourceTree = "<group>";
		};
		4CBF74A01AAD8913005ED6AC /* MapKitDemo */ = {
			isa = PBXGroup;
			children = (
				4CBF74A51AAD8913005ED6AC /* AppDelegate.h */,
				4CBF74A61AAD8913005ED6AC /* AppDelegate.m */,
				4CBF74A81AAD8913005ED6AC /* ViewController.h */,
				4CBF74A91AAD8913005ED6AC /* ViewController.m */,
				4CBF74AB1AAD8913005ED6AC /* Main.storyboard */,
				4CBF74AE1AAD8913005ED6AC /* Images.xcassets */,
				9E54CFF71DA19F1E00B85127 /* Launch Screen.storyboard */,
				4CBF74A11AAD8913005ED6AC /* Supporting Files */,
			);
			path = MapKitDemo;
			sourceTree = "<group>";
		};
		4CBF74A11AAD8913005ED6AC /* Supporting Files */ = {
			isa = PBXGroup;
			children = (
				4CBF74A21AAD8913005ED6AC /* Info.plist */,
				4CBF74A31AAD8913005ED6AC /* main.m */,
				9E54CFF91DA1A05900B85127 /* Map.png */,
			);
			name = "Supporting Files";
			sourceTree = "<group>";
		};
/* End PBXGroup section */

/* Begin PBXNativeTarget section */
		4CBF749D1AAD8913005ED6AC /* MapKitDemo */ = {
			isa = PBXNativeTarget;
			buildConfigurationList = 4CBF74C11AAD8913005ED6AC /* Build configuration list for PBXNativeTarget "MapKitDemo" */;
			buildPhases = (
				4CBF749A1AAD8913005ED6AC /* Sources */,
				4CBF749B1AAD8913005ED6AC /* Frameworks */,
				4CBF749C1AAD8913005ED6AC /* Resources */,
			);
			buildRules = (
			);
			dependencies = (
			);
			name = MapKitDemo;
			productName = MapKitDemo;
			productReference = 4CBF749E1AAD8913005ED6AC /* MapKitDemo.app */;
			productType = "com.apple.product-type.application";
		};
		4CBF74B61AAD8913005ED6AC /* MapKitDemoTests */ = {
			isa = PBXNativeTarget;
			buildConfigurationList = 4CBF74C41AAD8913005ED6AC /* Build configuration list for PBXNativeTarget "MapKitDemoTests" */;
			buildPhases = (
				4CBF74B31AAD8913005ED6AC /* Sources */,
				4CBF74B41AAD8913005ED6AC /* Frameworks */,
				4CBF74B51AAD8913005ED6AC /* Resources */,
			);
			buildRules = (
			);
			dependencies = (
				4CBF74B91AAD8913005ED6AC /* PBXTargetDependency */,
			);
			name = MapKitDemoTests;
			productName = MapKitDemoTests;
			productReference = 4CBF74B71AAD8913005ED6AC /* MapKitDemoTests.xctest */;
			productType = "com.apple.product-type.bundle.unit-test";
		};
/* End PBXNativeTarget section */

/* Begin PBXProject section */
		4CBF74961AAD8913005ED6AC /* Project object */ = {
			isa = PBXProject;
			attributes = {
				LastUpgradeCheck = 0730;
				ORGANIZATIONNAME = KK;
				TargetAttributes = {
					4CBF749D1AAD8913005ED6AC = {
						CreatedOnToolsVersion = 6.1.1;
					};
					4CBF74B61AAD8913005ED6AC = {
						CreatedOnToolsVersion = 6.1.1;
						TestTargetID = 4CBF749D1AAD8913005ED6AC;
					};
				};
			};
			buildConfigurationList = 4CBF74991AAD8913005ED6AC /* Build configuration list for PBXProject "MapKitDemo" */;
			compatibilityVersion = "Xcode 3.2";
			developmentRegion = English;
			hasScannedForEncodings = 0;
			knownRegions = (
				en,
				Base,
			);
			mainGroup = 4CBF74951AAD8913005ED6AC;
			productRefGroup = 4CBF749F1AAD8913005ED6AC /* Products */;
			projectDirPath = "";
			projectRoot = "";
			targets = (
				4CBF749D1AAD8913005ED6AC /* MapKitDemo */,
				4CBF74B61AAD8913005ED6AC /* MapKitDemoTests */,
			);
		};
/* End PBXProject section */

/* Begin PBXResourcesBuildPhase section */
		4CBF749C1AAD8913005ED6AC /* Resources */ = {
			isa = PBXResourcesBuildPhase;
			buildActionMask = 2147483647;
			files = (
				9E54CFFA1DA1A05900B85127 /* Map.png in Resources */,
				4CBF74AD1AAD8913005ED6AC /* Main.storyboard in Resources */,
				9E54CFF81DA19F1E00B85127 /* Launch Screen.storyboard in Resources */,
				4CBF74AF1AAD8913005ED6AC /* Images.xcassets in Resources */,
			);
			runOnlyForDeploymentPostprocessing = 0;
		};
		4CBF74B51AAD8913005ED6AC /* Resources */ = {
			isa = PBXResourcesBuildPhase;
			buildActionMask = 2147483647;
			files = (
			);
			runOnlyForDeploymentPostprocessing = 0;
		};
/* End PBXResourcesBuildPhase section */

/* Begin PBXSourcesBuildPhase section */
		4CBF749A1AAD8913005ED6AC /* Sources */ = {
			isa = PBXSourcesBuildPhase;
			buildActionMask = 2147483647;
			files = (
				4CBF74AA1AAD8913005ED6AC /* ViewController.m in Sources */,
				4CBF74A71AAD8913005ED6AC /* AppDelegate.m in Sources */,
				4CBF74A41AAD8913005ED6AC /* main.m in Sources */,
			);
			runOnlyForDeploymentPostprocessing = 0;
		};
		4CBF74B31AAD8913005ED6AC /* Sources */ = {
			isa = PBXSourcesBuildPhase;
			buildActionMask = 2147483647;
			files = (
			);
			runOnlyForDeploymentPostprocessing = 0;
		};
/* End PBXSourcesBuildPhase section */

/* Begin PBXTargetDependency section */
		4CBF74B91AAD8913005ED6AC /* PBXTargetDependency */ = {
			isa = PBXTargetDependency;
			target = 4CBF749D1AAD8913005ED6AC /* MapKitDemo */;
			targetProxy = 4CBF74B81AAD8913005ED6AC /* PBXContainerItemProxy */;
		};
/* End PBXTargetDependency section */

/* Begin PBXVariantGroup section */
		4CBF74AB1AAD8913005ED6AC /* Main.storyboard */ = {
			isa = PBXVariantGroup;
			children = (
				4CBF74AC1AAD8913005ED6AC /* Base */,
			);
			name = Main.storyboard;
			sourceTree = "<group>";
		};
/* End PBXVariantGroup section */

/* Begin XCBuildConfiguration section */
		4CBF74BF1AAD8913005ED6AC /* Debug */ = {
			isa = XCBuildConfiguration;
			buildSettings = {
				ALWAYS_SEARCH_USER_PATHS = NO;
				CLANG_CXX_LANGUAGE_STANDARD = "gnu++0x";
				CLANG_CXX_LIBRARY = "libc++";
				CLANG_ENABLE_MODULES = YES;
				CLANG_ENABLE_OBJC_ARC = YES;
				CLANG_WARN_BOOL_CONVERSION = YES;
				CLANG_WARN_CONSTANT_CONVERSION = YES;
				CLANG_WARN_DIRECT_OBJC_ISA_USAGE = YES_ERROR;
				CLANG_WARN_EMPTY_BODY = YES;
				CLANG_WARN_ENUM_CONVERSION = YES;
				CLANG_WARN_INT_CONVERSION = YES;
				CLANG_WARN_OBJC_ROOT_CLASS = YES_ERROR;
				CLANG_WARN_UNREACHABLE_CODE = YES;
				CLANG_WARN__DUPLICATE_METHOD_MATCH = YES;
				"CODE_SIGN_IDENTITY[sdk=iphoneos*]" = "iPhone Developer";
				COPY_PHASE_STRIP = NO;
				ENABLE_STRICT_OBJC_MSGSEND = YES;
				ENABLE_TESTABILITY = YES;
				GCC_C_LANGUAGE_STANDARD = gnu99;
				GCC_DYNAMIC_NO_PIC = NO;
				GCC_OPTIMIZATION_LEVEL = 0;
				GCC_PREPROCESSOR_DEFINITIONS = (
					"DEBUG=1",
					"$(inherited)",
				);
				GCC_SYMBOLS_PRIVATE_EXTERN = NO;
				GCC_WARN_64_TO_32_BIT_CONVERSION = YES;
				GCC_WARN_ABOUT_RETURN_TYPE = YES_ERROR;
				GCC_WARN_UNDECLARED_SELECTOR = YES;
				GCC_WARN_UNINITIALIZED_AUTOS = YES_AGGRESSIVE;
				GCC_WARN_UNUSED_FUNCTION = YES;
				GCC_WARN_UNUSED_VARIABLE = YES;
				IPHONEOS_DEPLOYMENT_TARGET = 9.3;
				MTL_ENABLE_DEBUG_INFO = YES;
				ONLY_ACTIVE_ARCH = YES;
				SDKROOT = iphoneos;
			};
			name = Debug;
		};
		4CBF74C01AAD8913005ED6AC /* Release */ = {
			isa = XCBuildConfiguration;
			buildSettings = {
				ALWAYS_SEARCH_USER_PATHS = NO;
				CLANG_CXX_LANGUAGE_STANDARD = "gnu++0x";
				CLANG_CXX_LIBRARY = "libc++";
				CLANG_ENABLE_MODULES = YES;
				CLANG_ENABLE_OBJC_ARC = YES;
				CLANG_WARN_BOOL_CONVERSION = YES;
				CLANG_WARN_CONSTANT_CONVERSION = YES;
				CLANG_WARN_DIRECT_OBJC_ISA_USAGE = YES_ERROR;
				CLANG_WARN_EMPTY_BODY = YES;
				CLANG_WARN_ENUM_CONVERSION = YES;
				CLANG_WARN_INT_CONVERSION = YES;
				CLANG_WARN_OBJC_ROOT_CLASS = YES_ERROR;
				CLANG_WARN_UNREACHABLE_CODE = YES;
				CLANG_WARN__DUPLICATE_METHOD_MATCH = YES;
				"CODE_SIGN_IDENTITY[sdk=iphoneos*]" = "iPhone Developer";
				COPY_PHASE_STRIP = YES;
				ENABLE_NS_ASSERTIONS = NO;
				ENABLE_STRICT_OBJC_MSGSEND = YES;
				GCC_C_LANGUAGE_STANDARD = gnu99;
				GCC_WARN_64_TO_32_BIT_CONVERSION = YES;
				GCC_WARN_ABOUT_RETURN_TYPE = YES_ERROR;
				GCC_WARN_UNDECLARED_SELECTOR = YES;
				GCC_WARN_UNINITIALIZED_AUTOS = YES_AGGRESSIVE;
				GCC_WARN_UNUSED_FUNCTION = YES;
				GCC_WARN_UNUSED_VARIABLE = YES;
				IPHONEOS_DEPLOYMENT_TARGET = 9.3;
				MTL_ENABLE_DEBUG_INFO = NO;
				SDKROOT = iphoneos;
				VALIDATE_PRODUCT = YES;
			};
			name = Release;
		};
		4CBF74C21AAD8913005ED6AC /* Debug */ = {
			isa = XCBuildConfiguration;
			buildSettings = {
				ASSETCATALOG_COMPILER_APPICON_NAME = AppIcon;
				INFOPLIST_FILE = MapKitDemo/Info.plist;
				IPHONEOS_DEPLOYMENT_TARGET = 9.3;
				LD_RUNPATH_SEARCH_PATHS = "$(inherited) @executable_path/Frameworks";
				PRODUCT_BUNDLE_IDENTIFIER = KK;
				PRODUCT_NAME = "$(TARGET_NAME)";
			};
			name = Debug;
		};
		4CBF74C31AAD8913005ED6AC /* Release */ = {
			isa = XCBuildConfiguration;
			buildSettings = {
				ASSETCATALOG_COMPILER_APPICON_NAME = AppIcon;
				INFOPLIST_FILE = MapKitDemo/Info.plist;
				IPHONEOS_DEPLOYMENT_TARGET = 9.3;
				LD_RUNPATH_SEARCH_PATHS = "$(inherited) @executable_path/Frameworks";
				PRODUCT_BUNDLE_IDENTIFIER = KK;
				PRODUCT_NAME = "$(TARGET_NAME)";
			};
			name = Release;
		};
		4CBF74C51AAD8913005ED6AC /* Debug */ = {
			isa = XCBuildConfiguration;
			buildSettings = {
				BUNDLE_LOADER = "$(TEST_HOST)";
				FRAMEWORK_SEARCH_PATHS = (
					"$(SDKROOT)/Developer/Library/Frameworks",
					"$(inherited)",
				);
				GCC_PREPROCESSOR_DEFINITIONS = (
					"DEBUG=1",
					"$(inherited)",
				);
				INFOPLIST_FILE = MapKitDemoTests/Info.plist;
				LD_RUNPATH_SEARCH_PATHS = "$(inherited) @executable_path/Frameworks @loader_path/Frameworks";
				PRODUCT_NAME = "$(TARGET_NAME)";
				TEST_HOST = "$(BUILT_PRODUCTS_DIR)/MapKitDemo.app/MapKitDemo";
			};
			name = Debug;
		};
		4CBF74C61AAD8913005ED6AC /* Release */ = {
			isa = XCBuildConfiguration;
			buildSettings = {
				BUNDLE_LOADER = "$(TEST_HOST)";
				FRAMEWORK_SEARCH_PATHS = (
					"$(SDKROOT)/Developer/Library/Frameworks",
					"$(inherited)",
				);
				INFOPLIST_FILE = MapKitDemoTests/Info.plist;
				LD_RUNPATH_SEARCH_PATHS = "$(inherited) @executable_path/Frameworks @loader_path/Frameworks";
				PRODUCT_NAME = "$(TARGET_NAME)";
				TEST_HOST = "$(BUILT_PRODUCTS_DIR)/MapKitDemo.app/MapKitDemo";
			};
			name = Release;
		};
/* End XCBuildConfiguration section */

/* Begin XCConfigurationList section */
		4CBF74991AAD8913005ED6AC /* Build configuration list for PBXProject "MapKitDemo" */ = {
			isa = XCConfigurationList;
			buildConfigurations = (
				4CBF74BF1AAD8913005ED6AC /* Debug */,
				4CBF74C01AAD8913005ED6AC /* Release */,
			);
			defaultConfigurationIsVisible = 0;
			defaultConfigurationName = Release;
		};
		4CBF74C11AAD8913005ED6AC /* Build configuration list for PBXNativeTarget "MapKitDemo" */ = {
			isa = XCConfigurationList;
			buildConfigurations = (
				4CBF74C21AAD8913005ED6AC /* Debug */,
				4CBF74C31AAD8913005ED6AC /* Release */,
			);
			defaultConfigurationIsVisible = 0;
			defaultConfigurationName = Release;
		};
		4CBF74C41AAD8913005ED6AC /* Build configuration list for PBXNativeTarget "MapKitDemoTests" */ = {
			isa = XCConfigurationList;
			buildConfigurations = (
				4CBF74C51AAD8913005ED6AC /* Debug */,
				4CBF74C61AAD8913005ED6AC /* Release */,
			);
			defaultConfigurationIsVisible = 0;
			defaultConfigurationName = Release;
		};
/* End XCConfigurationList section */
	};
	rootObject = 4CBF74961AAD8913005ED6AC /* Project object */;
}
