// !$*UTF8*$!
{
	archiveVersion = 1;
	classes = {
	};
	objectVersion = 46;
	objects = {

/* Begin PBXBuildFile section */
		9E6292061DE745F800A67C6A /* main.m in Sources */ = {isa = PBXBuildFile; fileRef = 9E6292051DE745F800A67C6A /* main.m */; };
		9E6292091DE745F800A67C6A /* AppDelegate.m in Sources */ = {isa = PBXBuildFile; fileRef = 9E6292081DE745F800A67C6A /* AppDelegate.m */; };
		9E6292121DE745F800A67C6A /* Main.storyboard in Resources */ = {isa = PBXBuildFile; fileRef = 9E6292101DE745F800A67C6A /* Main.storyboard */; };
		9E6292141DE745F800A67C6A /* Assets.xcassets in Resources */ = {isa = PBXBuildFile; fileRef = 9E6292131DE745F800A67C6A /* Assets.xcassets */; };
		9E6292171DE745F800A67C6A /* LaunchScreen.storyboard in Resources */ = {isa = PBXBuildFile; fileRef = 9E6292151DE745F800A67C6A /* LaunchScreen.storyboard */; };
		9E6292201DE749AA00A67C6A /* AllCall-TableViewController.m in Sources */ = {isa = PBXBuildFile; fileRef = 9E62921F1DE749AA00A67C6A /* AllCall-TableViewController.m */; };
		9E6292231DE749C100A67C6A /* DialedCall-TableViewController.m in Sources */ = {isa = PBXBuildFile; fileRef = 9E6292221DE749C100A67C6A /* DialedCall-TableViewController.m */; };
		9E6292261DE749D800A67C6A /* ReceivedCall-TableViewController.m in Sources */ = {isa = PBXBuildFile; fileRef = 9E6292251DE749D800A67C6A /* ReceivedCall-TableViewController.m */; };
		9E6292291DE749F900A67C6A /* MissedCall-TableViewController.m in Sources */ = {isa = PBXBuildFile; fileRef = 9E6292281DE749F900A67C6A /* MissedCall-TableViewController.m */; };
		9ED5C55A1DE7554200876B93 /* customTableViewCell.m in Sources */ = {isa = PBXBuildFile; fileRef = 9ED5C5581DE7554200876B93 /* customTableViewCell.m */; };
		9ED5C55B1DE7554200876B93 /* customTableViewCell.xib in Resources */ = {isa = PBXBuildFile; fileRef = 9ED5C5591DE7554200876B93 /* customTableViewCell.xib */; };
		9ED5C55E1DE75B4500876B93 /* userInfo.m in Sources */ = {isa = PBXBuildFile; fileRef = 9ED5C55D1DE75B4500876B93 /* userInfo.m */; };
/* End PBXBuildFile section */

/* Begin PBXFileReference section */
		9E6292011DE745F800A67C6A /* callLogManager.app */ = {isa = PBXFileReference; explicitFileType = wrapper.application; includeInIndex = 0; path = callLogManager.app; sourceTree = BUILT_PRODUCTS_DIR; };
		9E6292051DE745F800A67C6A /* main.m */ = {isa = PBXFileReference; lastKnownFileType = sourcecode.c.objc; path = main.m; sourceTree = "<group>"; };
		9E6292071DE745F800A67C6A /* AppDelegate.h */ = {isa = PBXFileReference; lastKnownFileType = sourcecode.c.h; path = AppDelegate.h; sourceTree = "<group>"; };
		9E6292081DE745F800A67C6A /* AppDelegate.m */ = {isa = PBXFileReference; lastKnownFileType = sourcecode.c.objc; path = AppDelegate.m; sourceTree = "<group>"; };
		9E6292111DE745F800A67C6A /* Base */ = {isa = PBXFileReference; lastKnownFileType = file.storyboard; name = Base; path = Base.lproj/Main.storyboard; sourceTree = "<group>"; };
		9E6292131DE745F800A67C6A /* Assets.xcassets */ = {isa = PBXFileReference; lastKnownFileType = folder.assetcatalog; path = Assets.xcassets; sourceTree = "<group>"; };
		9E6292161DE745F800A67C6A /* Base */ = {isa = PBXFileReference; lastKnownFileType = file.storyboard; name = Base; path = Base.lproj/LaunchScreen.storyboard; sourceTree = "<group>"; };
		9E6292181DE745F800A67C6A /* Info.plist */ = {isa = PBXFileReference; lastKnownFileType = text.plist.xml; path = Info.plist; sourceTree = "<group>"; };
		9E62921E1DE749AA00A67C6A /* AllCall-TableViewController.h */ = {isa = PBXFileReference; fileEncoding = 4; lastKnownFileType = sourcecode.c.h; path = "AllCall-TableViewController.h"; sourceTree = "<group>"; };
		9E62921F1DE749AA00A67C6A /* AllCall-TableViewController.m */ = {isa = PBXFileReference; fileEncoding = 4; lastKnownFileType = sourcecode.c.objc; path = "AllCall-TableViewController.m"; sourceTree = "<group>"; };
		9E6292211DE749C100A67C6A /* DialedCall-TableViewController.h */ = {isa = PBXFileReference; fileEncoding = 4; lastKnownFileType = sourcecode.c.h; path = "DialedCall-TableViewController.h"; sourceTree = "<group>"; };
		9E6292221DE749C100A67C6A /* DialedCall-TableViewController.m */ = {isa = PBXFileReference; fileEncoding = 4; lastKnownFileType = sourcecode.c.objc; path = "DialedCall-TableViewController.m"; sourceTree = "<group>"; };
		9E6292241DE749D800A67C6A /* ReceivedCall-TableViewController.h */ = {isa = PBXFileReference; fileEncoding = 4; lastKnownFileType = sourcecode.c.h; path = "ReceivedCall-TableViewController.h"; sourceTree = "<group>"; };
		9E6292251DE749D800A67C6A /* ReceivedCall-TableViewController.m */ = {isa = PBXFileReference; fileEncoding = 4; lastKnownFileType = sourcecode.c.objc; path = "ReceivedCall-TableViewController.m"; sourceTree = "<group>"; };
		9E6292271DE749F900A67C6A /* MissedCall-TableViewController.h */ = {isa = PBXFileReference; fileEncoding = 4; lastKnownFileType = sourcecode.c.h; path = "MissedCall-TableViewController.h"; sourceTree = "<group>"; };
		9E6292281DE749F900A67C6A /* MissedCall-TableViewController.m */ = {isa = PBXFileReference; fileEncoding = 4; lastKnownFileType = sourcecode.c.objc; path = "MissedCall-TableViewController.m"; sourceTree = "<group>"; };
		9ED5C5571DE7554200876B93 /* customTableViewCell.h */ = {isa = PBXFileReference; fileEncoding = 4; lastKnownFileType = sourcecode.c.h; path = customTableViewCell.h; sourceTree = "<group>"; };
		9ED5C5581DE7554200876B93 /* customTableViewCell.m */ = {isa = PBXFileReference; fileEncoding = 4; lastKnownFileType = sourcecode.c.objc; path = customTableViewCell.m; sourceTree = "<group>"; };
		9ED5C5591DE7554200876B93 /* customTableViewCell.xib */ = {isa = PBXFileReference; fileEncoding = 4; lastKnownFileType = file.xib; path = customTableViewCell.xib; sourceTree = "<group>"; };
		9ED5C55C1DE75B4500876B93 /* userInfo.h */ = {isa = PBXFileReference; fileEncoding = 4; lastKnownFileType = sourcecode.c.h; path = userInfo.h; sourceTree = "<group>"; };
		9ED5C55D1DE75B4500876B93 /* userInfo.m */ = {isa = PBXFileReference; fileEncoding = 4; lastKnownFileType = sourcecode.c.objc; path = userInfo.m; sourceTree = "<group>"; };
/* End PBXFileReference section */

/* Begin PBXFrameworksBuildPhase section */
		9E6291FE1DE745F800A67C6A /* Frameworks */ = {
			isa = PBXFrameworksBuildPhase;
			buildActionMask = 2147483647;
			files = (
			);
			runOnlyForDeploymentPostprocessing = 0;
		};
/* End PBXFrameworksBuildPhase section */

/* Begin PBXGroup section */
		9E6291F81DE745F800A67C6A = {
			isa = PBXGroup;
			children = (
				9E6292031DE745F800A67C6A /* callLogManager */,
				9E6292021DE745F800A67C6A /* Products */,
			);
			sourceTree = "<group>";
		};
		9E6292021DE745F800A67C6A /* Products */ = {
			isa = PBXGroup;
			children = (
				9E6292011DE745F800A67C6A /* callLogManager.app */,
			);
			name = Products;
			sourceTree = "<group>";
		};
		9E6292031DE745F800A67C6A /* callLogManager */ = {
			isa = PBXGroup;
			children = (
				9E6292071DE745F800A67C6A /* AppDelegate.h */,
				9E6292081DE745F800A67C6A /* AppDelegate.m */,
				9E62921E1DE749AA00A67C6A /* AllCall-TableViewController.h */,
				9E62921F1DE749AA00A67C6A /* AllCall-TableViewController.m */,
				9E6292211DE749C100A67C6A /* DialedCall-TableViewController.h */,
				9E6292221DE749C100A67C6A /* DialedCall-TableViewController.m */,
				9E6292241DE749D800A67C6A /* ReceivedCall-TableViewController.h */,
				9E6292251DE749D800A67C6A /* ReceivedCall-TableViewController.m */,
				9E6292271DE749F900A67C6A /* MissedCall-TableViewController.h */,
				9E6292281DE749F900A67C6A /* MissedCall-TableViewController.m */,
				9E6292101DE745F800A67C6A /* Main.storyboard */,
				9ED5C5571DE7554200876B93 /* customTableViewCell.h */,
				9ED5C5581DE7554200876B93 /* customTableViewCell.m */,
				9ED5C5591DE7554200876B93 /* customTableViewCell.xib */,
				9ED5C55C1DE75B4500876B93 /* userInfo.h */,
				9ED5C55D1DE75B4500876B93 /* userInfo.m */,
				9E6292131DE745F800A67C6A /* Assets.xcassets */,
				9E6292151DE745F800A67C6A /* LaunchScreen.storyboard */,
				9E6292181DE745F800A67C6A /* Info.plist */,
				9E6292041DE745F800A67C6A /* Supporting Files */,
			);
			path = callLogManager;
			sourceTree = "<group>";
		};
		9E6292041DE745F800A67C6A /* Supporting Files */ = {
			isa = PBXGroup;
			children = (
				9E6292051DE745F800A67C6A /* main.m */,
			);
			name = "Supporting Files";
			sourceTree = "<group>";
		};
/* End PBXGroup section */

/* Begin PBXNativeTarget section */
		9E6292001DE745F800A67C6A /* callLogManager */ = {
			isa = PBXNativeTarget;
			buildConfigurationList = 9E62921B1DE745F800A67C6A /* Build configuration list for PBXNativeTarget "callLogManager" */;
			buildPhases = (
				9E6291FD1DE745F800A67C6A /* Sources */,
				9E6291FE1DE745F800A67C6A /* Frameworks */,
				9E6291FF1DE745F800A67C6A /* Resources */,
			);
			buildRules = (
			);
			dependencies = (
			);
			name = callLogManager;
			productName = callLogManager;
			productReference = 9E6292011DE745F800A67C6A /* callLogManager.app */;
			productType = "com.apple.product-type.application";
		};
/* End PBXNativeTarget section */

/* Begin PBXProject section */
		9E6291F91DE745F800A67C6A /* Project object */ = {
			isa = PBXProject;
			attributes = {
				LastUpgradeCheck = 0730;
				ORGANIZATIONNAME = Karan;
				TargetAttributes = {
					9E6292001DE745F800A67C6A = {
						CreatedOnToolsVersion = 7.3;
					};
				};
			};
			buildConfigurationList = 9E6291FC1DE745F800A67C6A /* Build configuration list for PBXProject "callLogManager" */;
			compatibilityVersion = "Xcode 3.2";
			developmentRegion = English;
			hasScannedForEncodings = 0;
			knownRegions = (
				en,
				Base,
			);
			mainGroup = 9E6291F81DE745F800A67C6A;
			productRefGroup = 9E6292021DE745F800A67C6A /* Products */;
			projectDirPath = "";
			projectRoot = "";
			targets = (
				9E6292001DE745F800A67C6A /* callLogManager */,
			);
		};
/* End PBXProject section */

/* Begin PBXResourcesBuildPhase section */
		9E6291FF1DE745F800A67C6A /* Resources */ = {
			isa = PBXResourcesBuildPhase;
			buildActionMask = 2147483647;
			files = (
				9E6292171DE745F800A67C6A /* LaunchScreen.storyboard in Resources */,
				9E6292141DE745F800A67C6A /* Assets.xcassets in Resources */,
				9ED5C55B1DE7554200876B93 /* customTableViewCell.xib in Resources */,
				9E6292121DE745F800A67C6A /* Main.storyboard in Resources */,
			);
			runOnlyForDeploymentPostprocessing = 0;
		};
/* End PBXResourcesBuildPhase section */

/* Begin PBXSourcesBuildPhase section */
		9E6291FD1DE745F800A67C6A /* Sources */ = {
			isa = PBXSourcesBuildPhase;
			buildActionMask = 2147483647;
			files = (
				9ED5C55E1DE75B4500876B93 /* userInfo.m in Sources */,
				9ED5C55A1DE7554200876B93 /* customTableViewCell.m in Sources */,
				9E6292231DE749C100A67C6A /* DialedCall-TableViewController.m in Sources */,
				9E6292091DE745F800A67C6A /* AppDelegate.m in Sources */,
				9E6292061DE745F800A67C6A /* main.m in Sources */,
				9E6292261DE749D800A67C6A /* ReceivedCall-TableViewController.m in Sources */,
				9E6292291DE749F900A67C6A /* MissedCall-TableViewController.m in Sources */,
				9E6292201DE749AA00A67C6A /* AllCall-TableViewController.m in Sources */,
			);
			runOnlyForDeploymentPostprocessing = 0;
		};
/* End PBXSourcesBuildPhase section */

/* Begin PBXVariantGroup section */
		9E6292101DE745F800A67C6A /* Main.storyboard */ = {
			isa = PBXVariantGroup;
			children = (
				9E6292111DE745F800A67C6A /* Base */,
			);
			name = Main.storyboard;
			sourceTree = "<group>";
		};
		9E6292151DE745F800A67C6A /* LaunchScreen.storyboard */ = {
			isa = PBXVariantGroup;
			children = (
				9E6292161DE745F800A67C6A /* Base */,
			);
			name = LaunchScreen.storyboard;
			sourceTree = "<group>";
		};
/* End PBXVariantGroup section */

/* Begin XCBuildConfiguration section */
		9E6292191DE745F800A67C6A /* Debug */ = {
			isa = XCBuildConfiguration;
			buildSettings = {
				ALWAYS_SEARCH_USER_PATHS = NO;
				CLANG_ANALYZER_NONNULL = YES;
				CLANG_CXX_LANGUAGE_STANDARD = "gnu++0x";
				CLANG_CXX_LIBRARY = "libc++";
				CLANG_ENABLE_MODULES = YES;
				CLANG_ENABLE_OBJC_ARC = YES;
				CLANG_WARN_BOOL_CONVERSION = YES;
				CLANG_WARN_CONSTANT_CONVERSION = YES;
				CLANG_WARN_DIRECT_OBJC_ISA_USAGE = YES_ERROR;
				CLANG_WARN_EMPTY_BODY = YES;
				CLANG_WARN_ENUM_CONVERSION = YES;
				CLANG_WARN_INT_CONVERSION = YES;
				CLANG_WARN_OBJC_ROOT_CLASS = YES_ERROR;
				CLANG_WARN_UNREACHABLE_CODE = YES;
				CLANG_WARN__DUPLICATE_METHOD_MATCH = YES;
				"CODE_SIGN_IDENTITY[sdk=iphoneos*]" = "iPhone Developer";
				COPY_PHASE_STRIP = NO;
				DEBUG_INFORMATION_FORMAT = dwarf;
				ENABLE_STRICT_OBJC_MSGSEND = YES;
				ENABLE_TESTABILITY = YES;
				GCC_C_LANGUAGE_STANDARD = gnu99;
				GCC_DYNAMIC_NO_PIC = NO;
				GCC_NO_COMMON_BLOCKS = YES;
				GCC_OPTIMIZATION_LEVEL = 0;
				GCC_PREPROCESSOR_DEFINITIONS = (
					"DEBUG=1",
					"$(inherited)",
				);
				GCC_WARN_64_TO_32_BIT_CONVERSION = YES;
				GCC_WARN_ABOUT_RETURN_TYPE = YES_ERROR;
				GCC_WARN_UNDECLARED_SELECTOR = YES;
				GCC_WARN_UNINITIALIZED_AUTOS = YES_AGGRESSIVE;
				GCC_WARN_UNUSED_FUNCTION = YES;
				GCC_WARN_UNUSED_VARIABLE = YES;
				IPHONEOS_DEPLOYMENT_TARGET = 9.3;
				MTL_ENABLE_DEBUG_INFO = YES;
				ONLY_ACTIVE_ARCH = YES;
				SDKROOT = iphoneos;
				TARGETED_DEVICE_FAMILY = "1,2";
			};
			name = Debug;
		};
		9E62921A1DE745F800A67C6A /* Release */ = {
			isa = XCBuildConfiguration;
			buildSettings = {
				ALWAYS_SEARCH_USER_PATHS = NO;
				CLANG_ANALYZER_NONNULL = YES;
				CLANG_CXX_LANGUAGE_STANDARD = "gnu++0x";
				CLANG_CXX_LIBRARY = "libc++";
				CLANG_ENABLE_MODULES = YES;
				CLANG_ENABLE_OBJC_ARC = YES;
				CLANG_WARN_BOOL_CONVERSION = YES;
				CLANG_WARN_CONSTANT_CONVERSION = YES;
				CLANG_WARN_DIRECT_OBJC_ISA_USAGE = YES_ERROR;
				CLANG_WARN_EMPTY_BODY = YES;
				CLANG_WARN_ENUM_CONVERSION = YES;
				CLANG_WARN_INT_CONVERSION = YES;
				CLANG_WARN_OBJC_ROOT_CLASS = YES_ERROR;
				CLANG_WARN_UNREACHABLE_CODE = YES;
				CLANG_WARN__DUPLICATE_METHOD_MATCH = YES;
				"CODE_SIGN_IDENTITY[sdk=iphoneos*]" = "iPhone Developer";
				COPY_PHASE_STRIP = NO;
				DEBUG_INFORMATION_FORMAT = "dwarf-with-dsym";
				ENABLE_NS_ASSERTIONS = NO;
				ENABLE_STRICT_OBJC_MSGSEND = YES;
				GCC_C_LANGUAGE_STANDARD = gnu99;
				GCC_NO_COMMON_BLOCKS = YES;
				GCC_WARN_64_TO_32_BIT_CONVERSION = YES;
				GCC_WARN_ABOUT_RETURN_TYPE = YES_ERROR;
				GCC_WARN_UNDECLARED_SELECTOR = YES;
				GCC_WARN_UNINITIALIZED_AUTOS = YES_AGGRESSIVE;
				GCC_WARN_UNUSED_FUNCTION = YES;
				GCC_WARN_UNUSED_VARIABLE = YES;
				IPHONEOS_DEPLOYMENT_TARGET = 9.3;
				MTL_ENABLE_DEBUG_INFO = NO;
				SDKROOT = iphoneos;
				TARGETED_DEVICE_FAMILY = "1,2";
				VALIDATE_PRODUCT = YES;
			};
			name = Release;
		};
		9E62921C1DE745F800A67C6A /* Debug */ = {
			isa = XCBuildConfiguration;
			buildSettings = {
				ASSETCATALOG_COMPILER_APPICON_NAME = AppIcon;
				INFOPLIST_FILE = callLogManager/Info.plist;
				LD_RUNPATH_SEARCH_PATHS = "$(inherited) @executable_path/Frameworks";
				PRODUCT_BUNDLE_IDENTIFIER = KK.callLogManager;
				PRODUCT_NAME = "$(TARGET_NAME)";
			};
			name = Debug;
		};
		9E62921D1DE745F800A67C6A /* Release */ = {
			isa = XCBuildConfiguration;
			buildSettings = {
				ASSETCATALOG_COMPILER_APPICON_NAME = AppIcon;
				INFOPLIST_FILE = callLogManager/Info.plist;
				LD_RUNPATH_SEARCH_PATHS = "$(inherited) @executable_path/Frameworks";
				PRODUCT_BUNDLE_IDENTIFIER = KK.callLogManager;
				PRODUCT_NAME = "$(TARGET_NAME)";
			};
			name = Release;
		};
/* End XCBuildConfiguration section */

/* Begin XCConfigurationList section */
		9E6291FC1DE745F800A67C6A /* Build configuration list for PBXProject "callLogManager" */ = {
			isa = XCConfigurationList;
			buildConfigurations = (
				9E6292191DE745F800A67C6A /* Debug */,
				9E62921A1DE745F800A67C6A /* Release */,
			);
			defaultConfigurationIsVisible = 0;
			defaultConfigurationName = Release;
		};
		9E62921B1DE745F800A67C6A /* Build configuration list for PBXNativeTarget "callLogManager" */ = {
			isa = XCConfigurationList;
			buildConfigurations = (
				9E62921C1DE745F800A67C6A /* Debug */,
				9E62921D1DE745F800A67C6A /* Release */,
			);
			defaultConfigurationIsVisible = 0;
			defaultConfigurationName = Release;
		};
/* End XCConfigurationList section */
	};
	rootObject = 9E6291F91DE745F800A67C6A /* Project object */;
}
